
Microsoft Visual Studio Solution File, Format Version 12.00
# Visual Studio Version 16
VisualStudioVersion = 16.0.29728.190
MinimumVisualStudioVersion = 10.0.40219.1
Project("{FAE04EC0-301F-11D3-BF4B-00C04F79EFBC}") = "Week 3 Code Along", "Week 3 Code Along\Week 3 Code Along.csproj", "{3B6F1302-5D50-4EAB-BA00-ABAF6BA58BB6}"
EndProject
Global
	GlobalSection(SolutionConfigurationPlatforms) = preSolution
		Debug|Any CPU = Debug|Any CPU
		Release|Any CPU = Release|Any CPU
	EndGlobalSection
	GlobalSection(ProjectConfigurationPlatforms) = postSolution
		{3B6F1302-5D50-4EAB-BA00-ABAF6BA58BB6}.Debug|Any CPU.ActiveCfg = Debug|Any CPU
		{3B6F1302-5D50-4EAB-BA00-ABAF6BA58BB6}.Debug|Any CPU.Build.0 = Debug|Any CPU
		{3B6F1302-5D50-4EAB-BA00-ABAF6BA58BB6}.Release|Any CPU.ActiveCfg = Release|Any CPU
		{3B6F1302-5D50-4EAB-BA00-ABAF6BA58BB6}.Release|Any CPU.Build.0 = Release|Any CPU
	EndGlobalSection
	GlobalSection(SolutionProperties) = preSolution
		HideSolutionNode = FALSE
	EndGlobalSection
	GlobalSection(ExtensibilityGlobals) = postSolution
		SolutionGuid = {B4B6EB6A-C61E-4D45-9F6E-D07F1DA16544}
	EndGlobalSection
EndGlobal
